
Microsoft Visual Studio Solution File, Format Version 12.00
# Visual Studio 2013
VisualStudioVersion = 12.0.21005.1
MinimumVisualStudioVersion = 10.0.40219.1
Project("{8BC9CEB8-8B4A-11D0-8D11-00A0C91BC942}") = "least can not consist add", "least can not consist add\least can not consist add.vcxproj", "{1C877C5D-0E8D-45AD-9398-2D661405C5F7}"
EndProject
Global
	GlobalSection(SolutionConfigurationPlatforms) = preSolution
		Debug|Win32 = Debug|Win32
		Release|Win32 = Release|Win32
	EndGlobalSection
	GlobalSection(ProjectConfigurationPlatforms) = postSolution
		{1C877C5D-0E8D-45AD-9398-2D661405C5F7}.Debug|Win32.ActiveCfg = Debug|Win32
		{1C877C5D-0E8D-45AD-9398-2D661405C5F7}.Debug|Win32.Build.0 = Debug|Win32
		{1C877C5D-0E8D-45AD-9398-2D661405C5F7}.Release|Win32.ActiveCfg = Release|Win32
		{1C877C5D-0E8D-45AD-9398-2D661405C5F7}.Release|Win32.Build.0 = Release|Win32
	EndGlobalSection
	GlobalSection(SolutionProperties) = preSolution
		HideSolutionNode = FALSE
	EndGlobalSection
EndGlobal
